
Microsoft Visual Studio Solution File, Format Version 12.00
# Visual Studio Version 17
VisualStudioVersion = 17.4.33403.182
MinimumVisualStudioVersion = 10.0.40219.1
Project("{FAE04EC0-301F-11D3-BF4B-00C04F79EFBC}") = "Task2.PL", "Task2.PL\Task2.PL.csproj", "{0541EB2C-61FD-4546-B9F6-0E2E4C5CC31A}"
EndProject
Project("{FAE04EC0-301F-11D3-BF4B-00C04F79EFBC}") = "Task2.DAL", "Task2.DAL\Task2.DAL.csproj", "{AA29FE1A-B774-4976-BBFB-BD48DCDF4A51}"
EndProject
Project("{FAE04EC0-301F-11D3-BF4B-00C04F79EFBC}") = "Task2.BLL", "Task2.BLL\Task2.BLL.csproj", "{CF7F9B7E-1947-49E9-B174-DF54B6849CCD}"
EndProject
Global
	GlobalSection(SolutionConfigurationPlatforms) = preSolution
		Debug|Any CPU = Debug|Any CPU
		Release|Any CPU = Release|Any CPU
	EndGlobalSection
	GlobalSection(ProjectConfigurationPlatforms) = postSolution
		{0541EB2C-61FD-4546-B9F6-0E2E4C5CC31A}.Debug|Any CPU.ActiveCfg = Debug|Any CPU
		{0541EB2C-61FD-4546-B9F6-0E2E4C5CC31A}.Debug|Any CPU.Build.0 = Debug|Any CPU
		{0541EB2C-61FD-4546-B9F6-0E2E4C5CC31A}.Release|Any CPU.ActiveCfg = Release|Any CPU
		{0541EB2C-61FD-4546-B9F6-0E2E4C5CC31A}.Release|Any CPU.Build.0 = Release|Any CPU
		{AA29FE1A-B774-4976-BBFB-BD48DCDF4A51}.Debug|Any CPU.ActiveCfg = Debug|Any CPU
		{AA29FE1A-B774-4976-BBFB-BD48DCDF4A51}.Debug|Any CPU.Build.0 = Debug|Any CPU
		{AA29FE1A-B774-4976-BBFB-BD48DCDF4A51}.Release|Any CPU.ActiveCfg = Release|Any CPU
		{AA29FE1A-B774-4976-BBFB-BD48DCDF4A51}.Release|Any CPU.Build.0 = Release|Any CPU
		{CF7F9B7E-1947-49E9-B174-DF54B6849CCD}.Debug|Any CPU.ActiveCfg = Debug|Any CPU
		{CF7F9B7E-1947-49E9-B174-DF54B6849CCD}.Debug|Any CPU.Build.0 = Debug|Any CPU
		{CF7F9B7E-1947-49E9-B174-DF54B6849CCD}.Release|Any CPU.ActiveCfg = Release|Any CPU
		{CF7F9B7E-1947-49E9-B174-DF54B6849CCD}.Release|Any CPU.Build.0 = Release|Any CPU
	EndGlobalSection
	GlobalSection(SolutionProperties) = preSolution
		HideSolutionNode = FALSE
	EndGlobalSection
	GlobalSection(ExtensibilityGlobals) = postSolution
		SolutionGuid = {8324C930-5347-4B7C-B9C0-B0BEC62EEF1A}
	EndGlobalSection
EndGlobal
